
Microsoft Visual Studio Solution File, Format Version 12.00
# Visual Studio Version 17
VisualStudioVersion = 17.2.32616.157
MinimumVisualStudioVersion = 10.0.40219.1
Project("{FAE04EC0-301F-11D3-BF4B-00C04F79EFBC}") = "ConsoleApp1", "ConsoleApp1.csproj", "{6F5CFD74-A856-405A-8D95-E8E2A17B1EBA}"
EndProject
Global
	GlobalSection(SolutionConfigurationPlatforms) = preSolution
		Debug|Any CPU = Debug|Any CPU
		Release|Any CPU = Release|Any CPU
	EndGlobalSection
	GlobalSection(ProjectConfigurationPlatforms) = postSolution
		{6F5CFD74-A856-405A-8D95-E8E2A17B1EBA}.Debug|Any CPU.ActiveCfg = Debug|Any CPU
		{6F5CFD74-A856-405A-8D95-E8E2A17B1EBA}.Debug|Any CPU.Build.0 = Debug|Any CPU
		{6F5CFD74-A856-405A-8D95-E8E2A17B1EBA}.Release|Any CPU.ActiveCfg = Release|Any CPU
		{6F5CFD74-A856-405A-8D95-E8E2A17B1EBA}.Release|Any CPU.Build.0 = Release|Any CPU
	EndGlobalSection
	GlobalSection(SolutionProperties) = preSolution
		HideSolutionNode = FALSE
	EndGlobalSection
	GlobalSection(ExtensibilityGlobals) = postSolution
		SolutionGuid = {5427A8F2-BEC3-485E-BE02-ED46D4B3D72B}
	EndGlobalSection
EndGlobal
